
Microsoft Visual Studio Solution File, Format Version 12.00
# Visual Studio Version 17
VisualStudioVersion = 17.11.35208.52
MinimumVisualStudioVersion = 10.0.40219.1
Project("{FAE04EC0-301F-11D3-BF4B-00C04F79EFBC}") = "practica4", "practica4.csproj", "{78C2B313-456D-4653-A37E-C804BBBE9FA1}"
EndProject
Global
	GlobalSection(SolutionConfigurationPlatforms) = preSolution
		Debug|Any CPU = Debug|Any CPU
		Release|Any CPU = Release|Any CPU
	EndGlobalSection
	GlobalSection(ProjectConfigurationPlatforms) = postSolution
		{78C2B313-456D-4653-A37E-C804BBBE9FA1}.Debug|Any CPU.ActiveCfg = Debug|Any CPU
		{78C2B313-456D-4653-A37E-C804BBBE9FA1}.Debug|Any CPU.Build.0 = Debug|Any CPU
		{78C2B313-456D-4653-A37E-C804BBBE9FA1}.Release|Any CPU.ActiveCfg = Release|Any CPU
		{78C2B313-456D-4653-A37E-C804BBBE9FA1}.Release|Any CPU.Build.0 = Release|Any CPU
	EndGlobalSection
	GlobalSection(SolutionProperties) = preSolution
		HideSolutionNode = FALSE
	EndGlobalSection
	GlobalSection(ExtensibilityGlobals) = postSolution
		SolutionGuid = {BCB8A59C-8922-475D-9401-9CAC7956F881}
	EndGlobalSection
EndGlobal
