
Microsoft Visual Studio Solution File, Format Version 12.00
# Visual Studio Version 17
VisualStudioVersion = 17.11.35208.52
MinimumVisualStudioVersion = 10.0.40219.1
Project("{FAE04EC0-301F-11D3-BF4B-00C04F79EFBC}") = "Practica_1", "Practica_1.csproj", "{37276047-C0E7-4890-9270-EF93FB3E12E6}"
EndProject
Global
	GlobalSection(SolutionConfigurationPlatforms) = preSolution
		Debug|Any CPU = Debug|Any CPU
		Release|Any CPU = Release|Any CPU
	EndGlobalSection
	GlobalSection(ProjectConfigurationPlatforms) = postSolution
		{37276047-C0E7-4890-9270-EF93FB3E12E6}.Debug|Any CPU.ActiveCfg = Debug|Any CPU
		{37276047-C0E7-4890-9270-EF93FB3E12E6}.Debug|Any CPU.Build.0 = Debug|Any CPU
		{37276047-C0E7-4890-9270-EF93FB3E12E6}.Release|Any CPU.ActiveCfg = Release|Any CPU
		{37276047-C0E7-4890-9270-EF93FB3E12E6}.Release|Any CPU.Build.0 = Release|Any CPU
	EndGlobalSection
	GlobalSection(SolutionProperties) = preSolution
		HideSolutionNode = FALSE
	EndGlobalSection
	GlobalSection(ExtensibilityGlobals) = postSolution
		SolutionGuid = {466C3300-1608-4D4E-9FFC-DA0DE7E3F99C}
	EndGlobalSection
EndGlobal
