
Microsoft Visual Studio Solution File, Format Version 12.00
# Visual Studio Version 17
VisualStudioVersion = 17.11.35208.52
MinimumVisualStudioVersion = 10.0.40219.1
Project("{FAE04EC0-301F-11D3-BF4B-00C04F79EFBC}") = "Trabajo1", "Trabajo1.csproj", "{881A4860-D8CA-4EB2-AEA4-6297C43712A7}"
EndProject
Global
	GlobalSection(SolutionConfigurationPlatforms) = preSolution
		Debug|Any CPU = Debug|Any CPU
		Release|Any CPU = Release|Any CPU
	EndGlobalSection
	GlobalSection(ProjectConfigurationPlatforms) = postSolution
		{881A4860-D8CA-4EB2-AEA4-6297C43712A7}.Debug|Any CPU.ActiveCfg = Debug|Any CPU
		{881A4860-D8CA-4EB2-AEA4-6297C43712A7}.Debug|Any CPU.Build.0 = Debug|Any CPU
		{881A4860-D8CA-4EB2-AEA4-6297C43712A7}.Release|Any CPU.ActiveCfg = Release|Any CPU
		{881A4860-D8CA-4EB2-AEA4-6297C43712A7}.Release|Any CPU.Build.0 = Release|Any CPU
	EndGlobalSection
	GlobalSection(SolutionProperties) = preSolution
		HideSolutionNode = FALSE
	EndGlobalSection
	GlobalSection(ExtensibilityGlobals) = postSolution
		SolutionGuid = {53B1709E-46A8-48AB-9151-4F22933CEFCD}
	EndGlobalSection
EndGlobal
