
Microsoft Visual Studio Solution File, Format Version 12.00
# Visual Studio Version 17
VisualStudioVersion = 17.11.35208.52
MinimumVisualStudioVersion = 10.0.40219.1
Project("{FAE04EC0-301F-11D3-BF4B-00C04F79EFBC}") = "tarea4", "tarea4.csproj", "{06FDC71E-9E97-44FB-BF97-45A6CEA9C2AF}"
EndProject
Global
	GlobalSection(SolutionConfigurationPlatforms) = preSolution
		Debug|Any CPU = Debug|Any CPU
		Release|Any CPU = Release|Any CPU
	EndGlobalSection
	GlobalSection(ProjectConfigurationPlatforms) = postSolution
		{06FDC71E-9E97-44FB-BF97-45A6CEA9C2AF}.Debug|Any CPU.ActiveCfg = Debug|Any CPU
		{06FDC71E-9E97-44FB-BF97-45A6CEA9C2AF}.Debug|Any CPU.Build.0 = Debug|Any CPU
		{06FDC71E-9E97-44FB-BF97-45A6CEA9C2AF}.Release|Any CPU.ActiveCfg = Release|Any CPU
		{06FDC71E-9E97-44FB-BF97-45A6CEA9C2AF}.Release|Any CPU.Build.0 = Release|Any CPU
	EndGlobalSection
	GlobalSection(SolutionProperties) = preSolution
		HideSolutionNode = FALSE
	EndGlobalSection
	GlobalSection(ExtensibilityGlobals) = postSolution
		SolutionGuid = {2D8FA011-D7A9-43B2-96C1-06B14C547C39}
	EndGlobalSection
EndGlobal
